// !$*UTF8*$!
{
	archiveVersion = 1;
	classes = {
	};
	objectVersion = 77;
	objects = {

/* Begin PBXBuildFile section */
		EC1A251C2E3B2AF900B8CF5D /* SDWebImageSwiftUI in Frameworks */ = {isa = PBXBuildFile; productRef = EC1A251B2E3B2AF900B8CF5D /* SDWebImageSwiftUI */; };
		EC5A10BA2E5AE121001FE869 /* AsyncAlgorithms in Frameworks */ = {isa = PBXBuildFile; productRef = EC5A10B92E5AE121001FE869 /* AsyncAlgorithms */; };
		EC5A10BC2E5AE131001FE869 /* AsyncAlgorithms in Frameworks */ = {isa = PBXBuildFile; productRef = EC5A10BB2E5AE131001FE869 /* AsyncAlgorithms */; };
		EC6D60552E407FBD007DA5D9 /* TwitchIRC in Frameworks */ = {isa = PBXBuildFile; productRef = EC6D60542E407FBD007DA5D9 /* TwitchIRC */; };
		EC6D606B2E410B98007DA5D9 /* Collections in Frameworks */ = {isa = PBXBuildFile; productRef = EC6D606A2E410B98007DA5D9 /* Collections */; };
		EC6D60702E410BE9007DA5D9 /* Collections in Frameworks */ = {isa = PBXBuildFile; productRef = EC6D606F2E410BE9007DA5D9 /* Collections */; };
		EC6D60742E410BF4007DA5D9 /* TwitchIRC in Frameworks */ = {isa = PBXBuildFile; productRef = EC6D60732E410BF4007DA5D9 /* TwitchIRC */; };
		EC72B6D42E3F18200011F8E0 /* SDWebImageSwiftUI in Frameworks */ = {isa = PBXBuildFile; productRef = EC72B6CD2E3F18200011F8E0 /* SDWebImageSwiftUI */; };
		EC72B6D52E3F18200011F8E0 /* SimpleKeychain in Frameworks */ = {isa = PBXBuildFile; productRef = EC72B6CB2E3F18200011F8E0 /* SimpleKeychain */; };
		EC72B6D62E3F18200011F8E0 /* Supabase in Frameworks */ = {isa = PBXBuildFile; productRef = EC72B6C92E3F18200011F8E0 /* Supabase */; };
		EC72B6D72E3F18200011F8E0 /* Apollo in Frameworks */ = {isa = PBXBuildFile; productRef = EC72B6C72E3F18200011F8E0 /* Apollo */; };
		EC75289E2E4AD8E600065981 /* Alamofire in Frameworks */ = {isa = PBXBuildFile; productRef = EC75289D2E4AD8E600065981 /* Alamofire */; };
		ECBA79822E4AE1E20079A562 /* Alamofire in Frameworks */ = {isa = PBXBuildFile; productRef = ECBA79812E4AE1E20079A562 /* Alamofire */; };
		ECC6223D2E5424FA00A2AD09 /* SDWebImageSVGNativeCoder in Frameworks */ = {isa = PBXBuildFile; productRef = ECC6223C2E5424FA00A2AD09 /* SDWebImageSVGNativeCoder */; };
		ECC6223F2E54250E00A2AD09 /* SDWebImageSVGNativeCoder in Frameworks */ = {isa = PBXBuildFile; productRef = ECC6223E2E54250E00A2AD09 /* SDWebImageSVGNativeCoder */; };
		ECE380272E5BCB1200D37047 /* FactoryKit in Frameworks */ = {isa = PBXBuildFile; productRef = ECE380262E5BCB1200D37047 /* FactoryKit */; };
		ECE380292E5BCB2300D37047 /* FactoryKit in Frameworks */ = {isa = PBXBuildFile; productRef = ECE380282E5BCB2300D37047 /* FactoryKit */; };
		ECE8DC362E36016300CF0AFE /* Apollo in Frameworks */ = {isa = PBXBuildFile; productRef = ECE8DC352E36016300CF0AFE /* Apollo */; };
		ECE8DC3D2E37006300CF0AFE /* Supabase in Frameworks */ = {isa = PBXBuildFile; productRef = ECE8DC3C2E37006300CF0AFE /* Supabase */; };
		ECEA81E32E388945002AA253 /* SimpleKeychain in Frameworks */ = {isa = PBXBuildFile; productRef = ECEA81E22E388945002AA253 /* SimpleKeychain */; };
/* End PBXBuildFile section */

/* Begin PBXContainerItemProxy section */
		EC7631DE2E30B41B00A86ABD /* PBXContainerItemProxy */ = {
			isa = PBXContainerItemProxy;
			containerPortal = EC7631C82E30B41A00A86ABD /* Project object */;
			proxyType = 1;
			remoteGlobalIDString = EC7631CF2E30B41A00A86ABD;
			remoteInfo = Trident;
		};
/* End PBXContainerItemProxy section */

/* Begin PBXFileReference section */
		EC72B6DC2E3F18200011F8E0 /* TridentPlus.app */ = {isa = PBXFileReference; explicitFileType = wrapper.application; includeInIndex = 0; path = TridentPlus.app; sourceTree = BUILT_PRODUCTS_DIR; };
		EC7631D02E30B41A00A86ABD /* Trident.app */ = {isa = PBXFileReference; explicitFileType = wrapper.application; includeInIndex = 0; path = Trident.app; sourceTree = BUILT_PRODUCTS_DIR; };
		EC7631DD2E30B41B00A86ABD /* TridentTests.xctest */ = {isa = PBXFileReference; explicitFileType = wrapper.cfbundle; includeInIndex = 0; path = TridentTests.xctest; sourceTree = BUILT_PRODUCTS_DIR; };
/* End PBXFileReference section */

/* Begin PBXFileSystemSynchronizedRootGroup section */
		EC72B6E02E3F1E760011F8E0 /* TridentPlus */ = {
			isa = PBXFileSystemSynchronizedRootGroup;
			path = TridentPlus;
			sourceTree = "<group>";
		};
		EC7631D22E30B41A00A86ABD /* Trident */ = {
			isa = PBXFileSystemSynchronizedRootGroup;
			path = Trident;
			sourceTree = "<group>";
		};
		EC7631E02E30B41B00A86ABD /* TridentTests */ = {
			isa = PBXFileSystemSynchronizedRootGroup;
			path = TridentTests;
			sourceTree = "<group>";
		};
/* End PBXFileSystemSynchronizedRootGroup section */

/* Begin PBXFrameworksBuildPhase section */
		EC72B6D22E3F18200011F8E0 /* Frameworks */ = {
			isa = PBXFrameworksBuildPhase;
			buildActionMask = 2147483647;
			files = (
				ECBA79822E4AE1E20079A562 /* Alamofire in Frameworks */,
				EC6D60702E410BE9007DA5D9 /* Collections in Frameworks */,
				ECE380292E5BCB2300D37047 /* FactoryKit in Frameworks */,
				EC72B6D42E3F18200011F8E0 /* SDWebImageSwiftUI in Frameworks */,
				ECC6223F2E54250E00A2AD09 /* SDWebImageSVGNativeCoder in Frameworks */,
				EC6D60742E410BF4007DA5D9 /* TwitchIRC in Frameworks */,
				EC72B6D52E3F18200011F8E0 /* SimpleKeychain in Frameworks */,
				EC72B6D62E3F18200011F8E0 /* Supabase in Frameworks */,
				EC72B6D72E3F18200011F8E0 /* Apollo in Frameworks */,
				EC5A10BC2E5AE131001FE869 /* AsyncAlgorithms in Frameworks */,
			);
			runOnlyForDeploymentPostprocessing = 0;
		};
		EC7631CD2E30B41A00A86ABD /* Frameworks */ = {
			isa = PBXFrameworksBuildPhase;
			buildActionMask = 2147483647;
			files = (
				EC75289E2E4AD8E600065981 /* Alamofire in Frameworks */,
				EC6D606B2E410B98007DA5D9 /* Collections in Frameworks */,
				ECE380272E5BCB1200D37047 /* FactoryKit in Frameworks */,
				ECC6223D2E5424FA00A2AD09 /* SDWebImageSVGNativeCoder in Frameworks */,
				EC6D60552E407FBD007DA5D9 /* TwitchIRC in Frameworks */,
				EC1A251C2E3B2AF900B8CF5D /* SDWebImageSwiftUI in Frameworks */,
				ECEA81E32E388945002AA253 /* SimpleKeychain in Frameworks */,
				ECE8DC3D2E37006300CF0AFE /* Supabase in Frameworks */,
				ECE8DC362E36016300CF0AFE /* Apollo in Frameworks */,
				EC5A10BA2E5AE121001FE869 /* AsyncAlgorithms in Frameworks */,
			);
			runOnlyForDeploymentPostprocessing = 0;
		};
		EC7631DA2E30B41B00A86ABD /* Frameworks */ = {
			isa = PBXFrameworksBuildPhase;
			buildActionMask = 2147483647;
			files = (
			);
			runOnlyForDeploymentPostprocessing = 0;
		};
/* End PBXFrameworksBuildPhase section */

/* Begin PBXGroup section */
		EC7631C72E30B41A00A86ABD = {
			isa = PBXGroup;
			children = (
				EC72B6E02E3F1E760011F8E0 /* TridentPlus */,
				EC7631D22E30B41A00A86ABD /* Trident */,
				EC7631E02E30B41B00A86ABD /* TridentTests */,
				ECBA79802E4AE1E20079A562 /* Frameworks */,
				EC7631D12E30B41A00A86ABD /* Products */,
			);
			sourceTree = "<group>";
		};
		EC7631D12E30B41A00A86ABD /* Products */ = {
			isa = PBXGroup;
			children = (
				EC7631D02E30B41A00A86ABD /* Trident.app */,
				EC7631DD2E30B41B00A86ABD /* TridentTests.xctest */,
				EC72B6DC2E3F18200011F8E0 /* TridentPlus.app */,
			);
			name = Products;
			sourceTree = "<group>";
		};
		ECBA79802E4AE1E20079A562 /* Frameworks */ = {
			isa = PBXGroup;
			children = (
			);
			name = Frameworks;
			sourceTree = "<group>";
		};
/* End PBXGroup section */

/* Begin PBXNativeTarget section */
		EC72B6C62E3F18200011F8E0 /* TridentPlus */ = {
			isa = PBXNativeTarget;
			buildConfigurationList = EC72B6D92E3F18200011F8E0 /* Build configuration list for PBXNativeTarget "TridentPlus" */;
			buildPhases = (
				EC72B6D12E3F18200011F8E0 /* Sources */,
				EC72B6D22E3F18200011F8E0 /* Frameworks */,
				EC72B6D82E3F18200011F8E0 /* Resources */,
			);
			buildRules = (
			);
			dependencies = (
			);
			fileSystemSynchronizedGroups = (
				EC72B6E02E3F1E760011F8E0 /* TridentPlus */,
				EC7631D22E30B41A00A86ABD /* Trident */,
			);
			name = TridentPlus;
			packageProductDependencies = (
				EC72B6C72E3F18200011F8E0 /* Apollo */,
				EC72B6C92E3F18200011F8E0 /* Supabase */,
				EC72B6CB2E3F18200011F8E0 /* SimpleKeychain */,
				EC72B6CD2E3F18200011F8E0 /* SDWebImageSwiftUI */,
				EC6D606F2E410BE9007DA5D9 /* Collections */,
				EC6D60732E410BF4007DA5D9 /* TwitchIRC */,
				ECBA79812E4AE1E20079A562 /* Alamofire */,
				ECC6223E2E54250E00A2AD09 /* SDWebImageSVGNativeCoder */,
				EC5A10BB2E5AE131001FE869 /* AsyncAlgorithms */,
				ECE380282E5BCB2300D37047 /* FactoryKit */,
			);
			productName = Trident;
			productReference = EC72B6DC2E3F18200011F8E0 /* TridentPlus.app */;
			productType = "com.apple.product-type.application";
		};
		EC7631CF2E30B41A00A86ABD /* Trident */ = {
			isa = PBXNativeTarget;
			buildConfigurationList = EC7631F12E30B41B00A86ABD /* Build configuration list for PBXNativeTarget "Trident" */;
			buildPhases = (
				EC7631CC2E30B41A00A86ABD /* Sources */,
				EC7631CD2E30B41A00A86ABD /* Frameworks */,
				EC7631CE2E30B41A00A86ABD /* Resources */,
			);
			buildRules = (
			);
			dependencies = (
			);
			fileSystemSynchronizedGroups = (
				EC7631D22E30B41A00A86ABD /* Trident */,
			);
			name = Trident;
			packageProductDependencies = (
				ECE8DC352E36016300CF0AFE /* Apollo */,
				ECE8DC3C2E37006300CF0AFE /* Supabase */,
				ECEA81E22E388945002AA253 /* SimpleKeychain */,
				EC1A251B2E3B2AF900B8CF5D /* SDWebImageSwiftUI */,
				EC6D60542E407FBD007DA5D9 /* TwitchIRC */,
				EC6D606A2E410B98007DA5D9 /* Collections */,
				EC75289D2E4AD8E600065981 /* Alamofire */,
				ECC6223C2E5424FA00A2AD09 /* SDWebImageSVGNativeCoder */,
				EC5A10B92E5AE121001FE869 /* AsyncAlgorithms */,
				ECE380262E5BCB1200D37047 /* FactoryKit */,
			);
			productName = Trident;
			productReference = EC7631D02E30B41A00A86ABD /* Trident.app */;
			productType = "com.apple.product-type.application";
		};
		EC7631DC2E30B41B00A86ABD /* TridentTests */ = {
			isa = PBXNativeTarget;
			buildConfigurationList = EC7631F42E30B41B00A86ABD /* Build configuration list for PBXNativeTarget "TridentTests" */;
			buildPhases = (
				EC7631D92E30B41B00A86ABD /* Sources */,
				EC7631DA2E30B41B00A86ABD /* Frameworks */,
				EC7631DB2E30B41B00A86ABD /* Resources */,
			);
			buildRules = (
			);
			dependencies = (
				EC7631DF2E30B41B00A86ABD /* PBXTargetDependency */,
			);
			fileSystemSynchronizedGroups = (
				EC7631E02E30B41B00A86ABD /* TridentTests */,
			);
			name = TridentTests;
			packageProductDependencies = (
			);
			productName = TridentTests;
			productReference = EC7631DD2E30B41B00A86ABD /* TridentTests.xctest */;
			productType = "com.apple.product-type.bundle.unit-test";
		};
/* End PBXNativeTarget section */

/* Begin PBXProject section */
		EC7631C82E30B41A00A86ABD /* Project object */ = {
			isa = PBXProject;
			attributes = {
				BuildIndependentTargetsInParallel = 1;
				LastSwiftUpdateCheck = 1640;
				LastUpgradeCheck = 1640;
				TargetAttributes = {
					EC7631CF2E30B41A00A86ABD = {
						CreatedOnToolsVersion = 16.4;
					};
					EC7631DC2E30B41B00A86ABD = {
						CreatedOnToolsVersion = 16.4;
						TestTargetID = EC7631CF2E30B41A00A86ABD;
					};
				};
			};
			buildConfigurationList = EC7631CB2E30B41A00A86ABD /* Build configuration list for PBXProject "Trident" */;
			developmentRegion = en;
			hasScannedForEncodings = 0;
			knownRegions = (
				en,
				Base,
			);
			mainGroup = EC7631C72E30B41A00A86ABD;
			minimizedProjectReferenceProxies = 1;
			packageReferences = (
				ECE8DC342E36016300CF0AFE /* XCRemoteSwiftPackageReference "apollo-ios" */,
				ECE8DC3B2E37006300CF0AFE /* XCRemoteSwiftPackageReference "supabase-swift" */,
				ECEA81E12E388945002AA253 /* XCRemoteSwiftPackageReference "SimpleKeychain" */,
				EC1A251A2E3B2AF900B8CF5D /* XCRemoteSwiftPackageReference "SDWebImageSwiftUI" */,
				EC6D60532E407FBD007DA5D9 /* XCRemoteSwiftPackageReference "TwitchIRC" */,
				EC6D60692E410B98007DA5D9 /* XCRemoteSwiftPackageReference "swift-collections" */,
				EC75289C2E4AD8E600065981 /* XCRemoteSwiftPackageReference "Alamofire" */,
				ECC6223B2E5424FA00A2AD09 /* XCRemoteSwiftPackageReference "SDWebImageSVGNativeCoder" */,
				EC5A10B82E5AE121001FE869 /* XCRemoteSwiftPackageReference "swift-async-algorithms" */,
				ECE380252E5BCB1200D37047 /* XCRemoteSwiftPackageReference "Factory" */,
			);
			preferredProjectObjectVersion = 77;
			productRefGroup = EC7631D12E30B41A00A86ABD /* Products */;
			projectDirPath = "";
			projectRoot = "";
			targets = (
				EC7631CF2E30B41A00A86ABD /* Trident */,
				EC72B6C62E3F18200011F8E0 /* TridentPlus */,
				EC7631DC2E30B41B00A86ABD /* TridentTests */,
			);
		};
/* End PBXProject section */

/* Begin PBXResourcesBuildPhase section */
		EC72B6D82E3F18200011F8E0 /* Resources */ = {
			isa = PBXResourcesBuildPhase;
			buildActionMask = 2147483647;
			files = (
			);
			runOnlyForDeploymentPostprocessing = 0;
		};
		EC7631CE2E30B41A00A86ABD /* Resources */ = {
			isa = PBXResourcesBuildPhase;
			buildActionMask = 2147483647;
			files = (
			);
			runOnlyForDeploymentPostprocessing = 0;
		};
		EC7631DB2E30B41B00A86ABD /* Resources */ = {
			isa = PBXResourcesBuildPhase;
			buildActionMask = 2147483647;
			files = (
			);
			runOnlyForDeploymentPostprocessing = 0;
		};
/* End PBXResourcesBuildPhase section */

/* Begin PBXSourcesBuildPhase section */
		EC72B6D12E3F18200011F8E0 /* Sources */ = {
			isa = PBXSourcesBuildPhase;
			buildActionMask = 2147483647;
			files = (
			);
			runOnlyForDeploymentPostprocessing = 0;
		};
		EC7631CC2E30B41A00A86ABD /* Sources */ = {
			isa = PBXSourcesBuildPhase;
			buildActionMask = 2147483647;
			files = (
			);
			runOnlyForDeploymentPostprocessing = 0;
		};
		EC7631D92E30B41B00A86ABD /* Sources */ = {
			isa = PBXSourcesBuildPhase;
			buildActionMask = 2147483647;
			files = (
			);
			runOnlyForDeploymentPostprocessing = 0;
		};
/* End PBXSourcesBuildPhase section */

/* Begin PBXTargetDependency section */
		EC7631DF2E30B41B00A86ABD /* PBXTargetDependency */ = {
			isa = PBXTargetDependency;
			target = EC7631CF2E30B41A00A86ABD /* Trident */;
			targetProxy = EC7631DE2E30B41B00A86ABD /* PBXContainerItemProxy */;
		};
/* End PBXTargetDependency section */

/* Begin XCBuildConfiguration section */
		EC72B6DA2E3F18200011F8E0 /* Debug */ = {
			isa = XCBuildConfiguration;
			buildSettings = {
				ASSETCATALOG_COMPILER_APPICON_NAME = AppIcon;
				ASSETCATALOG_COMPILER_GLOBAL_ACCENT_COLOR_NAME = AccentColor;
				CODE_SIGN_STYLE = Automatic;
				CURRENT_PROJECT_VERSION = 1;
				DEVELOPMENT_TEAM = P8P545YJ97;
				ENABLE_PREVIEWS = YES;
				ENABLE_USER_SCRIPT_SANDBOXING = NO;
				GENERATE_INFOPLIST_FILE = YES;
				INFOPLIST_KEY_CFBundleDisplayName = "Trident+";
				INFOPLIST_KEY_LSApplicationCategoryType = "public.app-category.entertainment";
				INFOPLIST_KEY_UIApplicationSceneManifest_Generation = YES;
				INFOPLIST_KEY_UIApplicationSupportsIndirectInputEvents = YES;
				INFOPLIST_KEY_UILaunchScreen_Generation = YES;
				INFOPLIST_KEY_UIStatusBarStyle = "";
				INFOPLIST_KEY_UISupportedInterfaceOrientations_iPad = "UIInterfaceOrientationPortrait UIInterfaceOrientationPortraitUpsideDown UIInterfaceOrientationLandscapeLeft UIInterfaceOrientationLandscapeRight";
				INFOPLIST_KEY_UISupportedInterfaceOrientations_iPhone = "UIInterfaceOrientationPortrait UIInterfaceOrientationLandscapeLeft UIInterfaceOrientationLandscapeRight";
				IPHONEOS_DEPLOYMENT_TARGET = 18.5;
				LD_RUNPATH_SEARCH_PATHS = (
					"$(inherited)",
					"@executable_path/Frameworks",
				);
				MARKETING_VERSION = 0.1.0;
				OTHER_SWIFT_FLAGS = "-DPLUS";
				PRODUCT_BUNDLE_IDENTIFIER = dev.tridentapp.TridentPlus;
				PRODUCT_NAME = "$(TARGET_NAME)";
				SUPPORTED_PLATFORMS = "iphoneos iphonesimulator";
				SUPPORTS_MACCATALYST = NO;
				SUPPORTS_MAC_DESIGNED_FOR_IPHONE_IPAD = NO;
				SUPPORTS_XR_DESIGNED_FOR_IPHONE_IPAD = NO;
				SWIFT_EMIT_LOC_STRINGS = YES;
				SWIFT_VERSION = 6.0;
				TARGETED_DEVICE_FAMILY = "1,2";
			};
			name = Debug;
		};
		EC72B6DB2E3F18200011F8E0 /* Release */ = {
			isa = XCBuildConfiguration;
			buildSettings = {
				ASSETCATALOG_COMPILER_APPICON_NAME = AppIcon;
				ASSETCATALOG_COMPILER_GLOBAL_ACCENT_COLOR_NAME = AccentColor;
				CODE_SIGN_STYLE = Automatic;
				CURRENT_PROJECT_VERSION = 1;
				DEVELOPMENT_TEAM = P8P545YJ97;
				ENABLE_PREVIEWS = YES;
				ENABLE_USER_SCRIPT_SANDBOXING = NO;
				GENERATE_INFOPLIST_FILE = YES;
				INFOPLIST_KEY_CFBundleDisplayName = "Trident+";
				INFOPLIST_KEY_LSApplicationCategoryType = "public.app-category.entertainment";
				INFOPLIST_KEY_UIApplicationSceneManifest_Generation = YES;
				INFOPLIST_KEY_UIApplicationSupportsIndirectInputEvents = YES;
				INFOPLIST_KEY_UILaunchScreen_Generation = YES;
				INFOPLIST_KEY_UIStatusBarStyle = "";
				INFOPLIST_KEY_UISupportedInterfaceOrientations_iPad = "UIInterfaceOrientationPortrait UIInterfaceOrientationPortraitUpsideDown UIInterfaceOrientationLandscapeLeft UIInterfaceOrientationLandscapeRight";
				INFOPLIST_KEY_UISupportedInterfaceOrientations_iPhone = "UIInterfaceOrientationPortrait UIInterfaceOrientationLandscapeLeft UIInterfaceOrientationLandscapeRight";
				IPHONEOS_DEPLOYMENT_TARGET = 18.5;
				LD_RUNPATH_SEARCH_PATHS = (
					"$(inherited)",
					"@executable_path/Frameworks",
				);
				MARKETING_VERSION = 0.1.0;
				OTHER_SWIFT_FLAGS = "-DPLUS";
				PRODUCT_BUNDLE_IDENTIFIER = dev.tridentapp.TridentPlus;
				PRODUCT_NAME = "$(TARGET_NAME)";
				SUPPORTED_PLATFORMS = "iphoneos iphonesimulator";
				SUPPORTS_MACCATALYST = NO;
				SUPPORTS_MAC_DESIGNED_FOR_IPHONE_IPAD = NO;
				SUPPORTS_XR_DESIGNED_FOR_IPHONE_IPAD = NO;
				SWIFT_EMIT_LOC_STRINGS = YES;
				SWIFT_VERSION = 6.0;
				TARGETED_DEVICE_FAMILY = "1,2";
			};
			name = Release;
		};
		EC7631EF2E30B41B00A86ABD /* Debug */ = {
			isa = XCBuildConfiguration;
			buildSettings = {
				ALWAYS_SEARCH_USER_PATHS = NO;
				ASSETCATALOG_COMPILER_GENERATE_SWIFT_ASSET_SYMBOL_EXTENSIONS = YES;
				CLANG_ANALYZER_NONNULL = YES;
				CLANG_ANALYZER_NUMBER_OBJECT_CONVERSION = YES_AGGRESSIVE;
				CLANG_CXX_LANGUAGE_STANDARD = "gnu++20";
				CLANG_ENABLE_MODULES = YES;
				CLANG_ENABLE_OBJC_ARC = YES;
				CLANG_ENABLE_OBJC_WEAK = YES;
				CLANG_WARN_BLOCK_CAPTURE_AUTORELEASING = YES;
				CLANG_WARN_BOOL_CONVERSION = YES;
				CLANG_WARN_COMMA = YES;
				CLANG_WARN_CONSTANT_CONVERSION = YES;
				CLANG_WARN_DEPRECATED_OBJC_IMPLEMENTATIONS = YES;
				CLANG_WARN_DIRECT_OBJC_ISA_USAGE = YES_ERROR;
				CLANG_WARN_DOCUMENTATION_COMMENTS = YES;
				CLANG_WARN_EMPTY_BODY = YES;
				CLANG_WARN_ENUM_CONVERSION = YES;
				CLANG_WARN_INFINITE_RECURSION = YES;
				CLANG_WARN_INT_CONVERSION = YES;
				CLANG_WARN_NON_LITERAL_NULL_CONVERSION = YES;
				CLANG_WARN_OBJC_IMPLICIT_RETAIN_SELF = YES;
				CLANG_WARN_OBJC_LITERAL_CONVERSION = YES;
				CLANG_WARN_OBJC_ROOT_CLASS = YES_ERROR;
				CLANG_WARN_QUOTED_INCLUDE_IN_FRAMEWORK_HEADER = YES;
				CLANG_WARN_RANGE_LOOP_ANALYSIS = YES;
				CLANG_WARN_STRICT_PROTOTYPES = YES;
				CLANG_WARN_SUSPICIOUS_MOVE = YES;
				CLANG_WARN_UNGUARDED_AVAILABILITY = YES_AGGRESSIVE;
				CLANG_WARN_UNREACHABLE_CODE = YES;
				CLANG_WARN__DUPLICATE_METHOD_MATCH = YES;
				COPY_PHASE_STRIP = NO;
				DEBUG_INFORMATION_FORMAT = dwarf;
				DEVELOPMENT_TEAM = P8P545YJ97;
				ENABLE_STRICT_OBJC_MSGSEND = YES;
				ENABLE_TESTABILITY = YES;
				ENABLE_USER_SCRIPT_SANDBOXING = NO;
				GCC_C_LANGUAGE_STANDARD = gnu17;
				GCC_DYNAMIC_NO_PIC = NO;
				GCC_NO_COMMON_BLOCKS = YES;
				GCC_OPTIMIZATION_LEVEL = 0;
				GCC_PREPROCESSOR_DEFINITIONS = (
					"DEBUG=1",
					"$(inherited)",
				);
				GCC_WARN_64_TO_32_BIT_CONVERSION = YES;
				GCC_WARN_ABOUT_RETURN_TYPE = YES_ERROR;
				GCC_WARN_UNDECLARED_SELECTOR = YES;
				GCC_WARN_UNINITIALIZED_AUTOS = YES_AGGRESSIVE;
				GCC_WARN_UNUSED_FUNCTION = YES;
				GCC_WARN_UNUSED_VARIABLE = YES;
				IPHONEOS_DEPLOYMENT_TARGET = 18.5;
				LOCALIZATION_PREFERS_STRING_CATALOGS = YES;
				MTL_ENABLE_DEBUG_INFO = INCLUDE_SOURCE;
				MTL_FAST_MATH = YES;
				ONLY_ACTIVE_ARCH = YES;
				SDKROOT = iphoneos;
				SWIFT_ACTIVE_COMPILATION_CONDITIONS = "DEBUG $(inherited)";
				SWIFT_OPTIMIZATION_LEVEL = "-Onone";
			};
			name = Debug;
		};
		EC7631F02E30B41B00A86ABD /* Release */ = {
			isa = XCBuildConfiguration;
			buildSettings = {
				ALWAYS_SEARCH_USER_PATHS = NO;
				ASSETCATALOG_COMPILER_GENERATE_SWIFT_ASSET_SYMBOL_EXTENSIONS = YES;
				CLANG_ANALYZER_NONNULL = YES;
				CLANG_ANALYZER_NUMBER_OBJECT_CONVERSION = YES_AGGRESSIVE;
				CLANG_CXX_LANGUAGE_STANDARD = "gnu++20";
				CLANG_ENABLE_MODULES = YES;
				CLANG_ENABLE_OBJC_ARC = YES;
				CLANG_ENABLE_OBJC_WEAK = YES;
				CLANG_WARN_BLOCK_CAPTURE_AUTORELEASING = YES;
				CLANG_WARN_BOOL_CONVERSION = YES;
				CLANG_WARN_COMMA = YES;
				CLANG_WARN_CONSTANT_CONVERSION = YES;
				CLANG_WARN_DEPRECATED_OBJC_IMPLEMENTATIONS = YES;
				CLANG_WARN_DIRECT_OBJC_ISA_USAGE = YES_ERROR;
				CLANG_WARN_DOCUMENTATION_COMMENTS = YES;
				CLANG_WARN_EMPTY_BODY = YES;
				CLANG_WARN_ENUM_CONVERSION = YES;
				CLANG_WARN_INFINITE_RECURSION = YES;
				CLANG_WARN_INT_CONVERSION = YES;
				CLANG_WARN_NON_LITERAL_NULL_CONVERSION = YES;
				CLANG_WARN_OBJC_IMPLICIT_RETAIN_SELF = YES;
				CLANG_WARN_OBJC_LITERAL_CONVERSION = YES;
				CLANG_WARN_OBJC_ROOT_CLASS = YES_ERROR;
				CLANG_WARN_QUOTED_INCLUDE_IN_FRAMEWORK_HEADER = YES;
				CLANG_WARN_RANGE_LOOP_ANALYSIS = YES;
				CLANG_WARN_STRICT_PROTOTYPES = YES;
				CLANG_WARN_SUSPICIOUS_MOVE = YES;
				CLANG_WARN_UNGUARDED_AVAILABILITY = YES_AGGRESSIVE;
				CLANG_WARN_UNREACHABLE_CODE = YES;
				CLANG_WARN__DUPLICATE_METHOD_MATCH = YES;
				COPY_PHASE_STRIP = NO;
				DEBUG_INFORMATION_FORMAT = "dwarf-with-dsym";
				DEVELOPMENT_TEAM = P8P545YJ97;
				ENABLE_NS_ASSERTIONS = NO;
				ENABLE_STRICT_OBJC_MSGSEND = YES;
				ENABLE_USER_SCRIPT_SANDBOXING = NO;
				GCC_C_LANGUAGE_STANDARD = gnu17;
				GCC_NO_COMMON_BLOCKS = YES;
				GCC_WARN_64_TO_32_BIT_CONVERSION = YES;
				GCC_WARN_ABOUT_RETURN_TYPE = YES_ERROR;
				GCC_WARN_UNDECLARED_SELECTOR = YES;
				GCC_WARN_UNINITIALIZED_AUTOS = YES_AGGRESSIVE;
				GCC_WARN_UNUSED_FUNCTION = YES;
				GCC_WARN_UNUSED_VARIABLE = YES;
				IPHONEOS_DEPLOYMENT_TARGET = 18.5;
				LOCALIZATION_PREFERS_STRING_CATALOGS = YES;
				MTL_ENABLE_DEBUG_INFO = NO;
				MTL_FAST_MATH = YES;
				SDKROOT = iphoneos;
				SWIFT_COMPILATION_MODE = wholemodule;
				VALIDATE_PRODUCT = YES;
			};
			name = Release;
		};
		EC7631F22E30B41B00A86ABD /* Debug */ = {
			isa = XCBuildConfiguration;
			buildSettings = {
				ASSETCATALOG_COMPILER_APPICON_NAME = AppIcon;
				ASSETCATALOG_COMPILER_GLOBAL_ACCENT_COLOR_NAME = AccentColor;
				CODE_SIGN_ENTITLEMENTS = Trident/Trident.entitlements;
				CODE_SIGN_STYLE = Automatic;
				CURRENT_PROJECT_VERSION = 1;
				DEVELOPMENT_TEAM = P8P545YJ97;
				ENABLE_PREVIEWS = YES;
				ENABLE_USER_SCRIPT_SANDBOXING = NO;
				GENERATE_INFOPLIST_FILE = YES;
				INFOPLIST_KEY_CFBundleDisplayName = Trident;
				INFOPLIST_KEY_LSApplicationCategoryType = "public.app-category.entertainment";
				INFOPLIST_KEY_UIApplicationSceneManifest_Generation = YES;
				INFOPLIST_KEY_UIApplicationSupportsIndirectInputEvents = YES;
				INFOPLIST_KEY_UILaunchScreen_Generation = YES;
				INFOPLIST_KEY_UIStatusBarStyle = "";
				INFOPLIST_KEY_UISupportedInterfaceOrientations_iPad = "UIInterfaceOrientationPortrait UIInterfaceOrientationPortraitUpsideDown UIInterfaceOrientationLandscapeLeft UIInterfaceOrientationLandscapeRight";
				INFOPLIST_KEY_UISupportedInterfaceOrientations_iPhone = "UIInterfaceOrientationPortrait UIInterfaceOrientationLandscapeLeft UIInterfaceOrientationLandscapeRight";
				IPHONEOS_DEPLOYMENT_TARGET = 18.5;
				LD_RUNPATH_SEARCH_PATHS = (
					"$(inherited)",
					"@executable_path/Frameworks",
				);
				MARKETING_VERSION = 0.1.0;
				PRODUCT_BUNDLE_IDENTIFIER = dev.tridentapp.Trident;
				PRODUCT_NAME = "$(TARGET_NAME)";
				SUPPORTED_PLATFORMS = "iphoneos iphonesimulator";
				SUPPORTS_MACCATALYST = NO;
				SUPPORTS_MAC_DESIGNED_FOR_IPHONE_IPAD = NO;
				SUPPORTS_XR_DESIGNED_FOR_IPHONE_IPAD = NO;
				SWIFT_EMIT_LOC_STRINGS = YES;
				SWIFT_VERSION = 6.0;
				TARGETED_DEVICE_FAMILY = "1,2";
			};
			name = Debug;
		};
		EC7631F32E30B41B00A86ABD /* Release */ = {
			isa = XCBuildConfiguration;
			buildSettings = {
				ASSETCATALOG_COMPILER_APPICON_NAME = AppIcon;
				ASSETCATALOG_COMPILER_GLOBAL_ACCENT_COLOR_NAME = AccentColor;
				CODE_SIGN_ENTITLEMENTS = Trident/Trident.entitlements;
				CODE_SIGN_STYLE = Automatic;
				CURRENT_PROJECT_VERSION = 1;
				DEVELOPMENT_TEAM = P8P545YJ97;
				ENABLE_PREVIEWS = YES;
				ENABLE_USER_SCRIPT_SANDBOXING = NO;
				GENERATE_INFOPLIST_FILE = YES;
				INFOPLIST_KEY_CFBundleDisplayName = Trident;
				INFOPLIST_KEY_LSApplicationCategoryType = "public.app-category.entertainment";
				INFOPLIST_KEY_UIApplicationSceneManifest_Generation = YES;
				INFOPLIST_KEY_UIApplicationSupportsIndirectInputEvents = YES;
				INFOPLIST_KEY_UILaunchScreen_Generation = YES;
				INFOPLIST_KEY_UIStatusBarStyle = "";
				INFOPLIST_KEY_UISupportedInterfaceOrientations_iPad = "UIInterfaceOrientationPortrait UIInterfaceOrientationPortraitUpsideDown UIInterfaceOrientationLandscapeLeft UIInterfaceOrientationLandscapeRight";
				INFOPLIST_KEY_UISupportedInterfaceOrientations_iPhone = "UIInterfaceOrientationPortrait UIInterfaceOrientationLandscapeLeft UIInterfaceOrientationLandscapeRight";
				IPHONEOS_DEPLOYMENT_TARGET = 18.5;
				LD_RUNPATH_SEARCH_PATHS = (
					"$(inherited)",
					"@executable_path/Frameworks",
				);
				MARKETING_VERSION = 0.1.0;
				PRODUCT_BUNDLE_IDENTIFIER = dev.tridentapp.Trident;
				PRODUCT_NAME = "$(TARGET_NAME)";
				SUPPORTED_PLATFORMS = "iphoneos iphonesimulator";
				SUPPORTS_MACCATALYST = NO;
				SUPPORTS_MAC_DESIGNED_FOR_IPHONE_IPAD = NO;
				SUPPORTS_XR_DESIGNED_FOR_IPHONE_IPAD = NO;
				SWIFT_EMIT_LOC_STRINGS = YES;
				SWIFT_VERSION = 6.0;
				TARGETED_DEVICE_FAMILY = "1,2";
			};
			name = Release;
		};
		EC7631F52E30B41B00A86ABD /* Debug */ = {
			isa = XCBuildConfiguration;
			buildSettings = {
				BUNDLE_LOADER = "$(TEST_HOST)";
				"CODE_SIGN_IDENTITY[sdk=macosx*]" = "Apple Development";
				CODE_SIGN_STYLE = Automatic;
				CURRENT_PROJECT_VERSION = 1;
				DEVELOPMENT_TEAM = P8P545YJ97;
				GENERATE_INFOPLIST_FILE = YES;
				IPHONEOS_DEPLOYMENT_TARGET = 18.5;
				MARKETING_VERSION = 1.0;
				PRODUCT_BUNDLE_IDENTIFIER = dev.tridentapp.TridentTests;
				PRODUCT_NAME = "$(TARGET_NAME)";
				SUPPORTED_PLATFORMS = "iphoneos iphonesimulator";
				SUPPORTS_MACCATALYST = YES;
				SUPPORTS_XR_DESIGNED_FOR_IPHONE_IPAD = NO;
				SWIFT_EMIT_LOC_STRINGS = NO;
				SWIFT_VERSION = 6.0;
				TARGETED_DEVICE_FAMILY = "1,2";
				TEST_HOST = "$(BUILT_PRODUCTS_DIR)/Trident.app/$(BUNDLE_EXECUTABLE_FOLDER_PATH)/Trident";
			};
			name = Debug;
		};
		EC7631F62E30B41B00A86ABD /* Release */ = {
			isa = XCBuildConfiguration;
			buildSettings = {
				BUNDLE_LOADER = "$(TEST_HOST)";
				"CODE_SIGN_IDENTITY[sdk=macosx*]" = "Apple Development";
				CODE_SIGN_STYLE = Automatic;
				CURRENT_PROJECT_VERSION = 1;
				DEVELOPMENT_TEAM = P8P545YJ97;
				GENERATE_INFOPLIST_FILE = YES;
				IPHONEOS_DEPLOYMENT_TARGET = 18.5;
				MARKETING_VERSION = 1.0;
				PRODUCT_BUNDLE_IDENTIFIER = dev.tridentapp.TridentTests;
				PRODUCT_NAME = "$(TARGET_NAME)";
				SUPPORTED_PLATFORMS = "iphoneos iphonesimulator";
				SUPPORTS_MACCATALYST = YES;
				SUPPORTS_XR_DESIGNED_FOR_IPHONE_IPAD = NO;
				SWIFT_EMIT_LOC_STRINGS = NO;
				SWIFT_VERSION = 6.0;
				TARGETED_DEVICE_FAMILY = "1,2";
				TEST_HOST = "$(BUILT_PRODUCTS_DIR)/Trident.app/$(BUNDLE_EXECUTABLE_FOLDER_PATH)/Trident";
			};
			name = Release;
		};
/* End XCBuildConfiguration section */

/* Begin XCConfigurationList section */
		EC72B6D92E3F18200011F8E0 /* Build configuration list for PBXNativeTarget "TridentPlus" */ = {
			isa = XCConfigurationList;
			buildConfigurations = (
				EC72B6DA2E3F18200011F8E0 /* Debug */,
				EC72B6DB2E3F18200011F8E0 /* Release */,
			);
			defaultConfigurationIsVisible = 0;
			defaultConfigurationName = Release;
		};
		EC7631CB2E30B41A00A86ABD /* Build configuration list for PBXProject "Trident" */ = {
			isa = XCConfigurationList;
			buildConfigurations = (
				EC7631EF2E30B41B00A86ABD /* Debug */,
				EC7631F02E30B41B00A86ABD /* Release */,
			);
			defaultConfigurationIsVisible = 0;
			defaultConfigurationName = Release;
		};
		EC7631F12E30B41B00A86ABD /* Build configuration list for PBXNativeTarget "Trident" */ = {
			isa = XCConfigurationList;
			buildConfigurations = (
				EC7631F22E30B41B00A86ABD /* Debug */,
				EC7631F32E30B41B00A86ABD /* Release */,
			);
			defaultConfigurationIsVisible = 0;
			defaultConfigurationName = Release;
		};
		EC7631F42E30B41B00A86ABD /* Build configuration list for PBXNativeTarget "TridentTests" */ = {
			isa = XCConfigurationList;
			buildConfigurations = (
				EC7631F52E30B41B00A86ABD /* Debug */,
				EC7631F62E30B41B00A86ABD /* Release */,
			);
			defaultConfigurationIsVisible = 0;
			defaultConfigurationName = Release;
		};
/* End XCConfigurationList section */

/* Begin XCRemoteSwiftPackageReference section */
		EC1A251A2E3B2AF900B8CF5D /* XCRemoteSwiftPackageReference "SDWebImageSwiftUI" */ = {
			isa = XCRemoteSwiftPackageReference;
			repositoryURL = "https://github.com/SDWebImage/SDWebImageSwiftUI";
			requirement = {
				kind = upToNextMajorVersion;
				minimumVersion = 3.1.3;
			};
		};
		EC5A10B82E5AE121001FE869 /* XCRemoteSwiftPackageReference "swift-async-algorithms" */ = {
			isa = XCRemoteSwiftPackageReference;
			repositoryURL = "https://github.com/apple/swift-async-algorithms.git";
			requirement = {
				kind = upToNextMajorVersion;
				minimumVersion = 1.0.4;
			};
		};
		EC6D60532E407FBD007DA5D9 /* XCRemoteSwiftPackageReference "TwitchIRC" */ = {
			isa = XCRemoteSwiftPackageReference;
			repositoryURL = "https://github.com/burakdrk/TwitchIRC";
			requirement = {
				branch = main;
				kind = branch;
			};
		};
		EC6D60692E410B98007DA5D9 /* XCRemoteSwiftPackageReference "swift-collections" */ = {
			isa = XCRemoteSwiftPackageReference;
			repositoryURL = "https://github.com/apple/swift-collections.git";
			requirement = {
				kind = upToNextMajorVersion;
				minimumVersion = 1.2.1;
			};
		};
		EC72B6C82E3F18200011F8E0 /* XCRemoteSwiftPackageReference "apollo-ios" */ = {
			isa = XCRemoteSwiftPackageReference;
			repositoryURL = "https://github.com/apollographql/apollo-ios.git";
			requirement = {
				kind = upToNextMajorVersion;
				minimumVersion = 1.23.0;
			};
		};
		EC72B6CA2E3F18200011F8E0 /* XCRemoteSwiftPackageReference "supabase-swift" */ = {
			isa = XCRemoteSwiftPackageReference;
			repositoryURL = "https://github.com/supabase/supabase-swift";
			requirement = {
				kind = upToNextMajorVersion;
				minimumVersion = 2.5.1;
			};
		};
		EC72B6CC2E3F18200011F8E0 /* XCRemoteSwiftPackageReference "SimpleKeychain" */ = {
			isa = XCRemoteSwiftPackageReference;
			repositoryURL = "https://github.com/auth0/SimpleKeychain";
			requirement = {
				kind = upToNextMajorVersion;
				minimumVersion = 1.3.0;
			};
		};
		EC72B6CE2E3F18200011F8E0 /* XCRemoteSwiftPackageReference "SDWebImageSwiftUI" */ = {
			isa = XCRemoteSwiftPackageReference;
			repositoryURL = "https://github.com/SDWebImage/SDWebImageSwiftUI";
			requirement = {
				kind = upToNextMajorVersion;
				minimumVersion = 3.1.3;
			};
		};
		EC75289C2E4AD8E600065981 /* XCRemoteSwiftPackageReference "Alamofire" */ = {
			isa = XCRemoteSwiftPackageReference;
			repositoryURL = "https://github.com/Alamofire/Alamofire";
			requirement = {
				kind = upToNextMajorVersion;
				minimumVersion = 5.10.2;
			};
		};
		ECC6223B2E5424FA00A2AD09 /* XCRemoteSwiftPackageReference "SDWebImageSVGNativeCoder" */ = {
			isa = XCRemoteSwiftPackageReference;
			repositoryURL = "https://github.com/SDWebImage/SDWebImageSVGNativeCoder";
			requirement = {
				kind = upToNextMajorVersion;
				minimumVersion = 0.2.0;
			};
		};
		ECE380252E5BCB1200D37047 /* XCRemoteSwiftPackageReference "Factory" */ = {
			isa = XCRemoteSwiftPackageReference;
			repositoryURL = "https://github.com/hmlongco/Factory";
			requirement = {
				kind = upToNextMajorVersion;
				minimumVersion = 2.5.3;
			};
		};
		ECE8DC342E36016300CF0AFE /* XCRemoteSwiftPackageReference "apollo-ios" */ = {
			isa = XCRemoteSwiftPackageReference;
			repositoryURL = "https://github.com/apollographql/apollo-ios.git";
			requirement = {
				kind = upToNextMajorVersion;
				minimumVersion = 1.23.0;
			};
		};
		ECE8DC3B2E37006300CF0AFE /* XCRemoteSwiftPackageReference "supabase-swift" */ = {
			isa = XCRemoteSwiftPackageReference;
			repositoryURL = "https://github.com/supabase/supabase-swift";
			requirement = {
				kind = upToNextMajorVersion;
				minimumVersion = 2.5.1;
			};
		};
		ECEA81E12E388945002AA253 /* XCRemoteSwiftPackageReference "SimpleKeychain" */ = {
			isa = XCRemoteSwiftPackageReference;
			repositoryURL = "https://github.com/auth0/SimpleKeychain";
			requirement = {
				kind = upToNextMajorVersion;
				minimumVersion = 1.3.0;
			};
		};
/* End XCRemoteSwiftPackageReference section */

/* Begin XCSwiftPackageProductDependency section */
		EC1A251B2E3B2AF900B8CF5D /* SDWebImageSwiftUI */ = {
			isa = XCSwiftPackageProductDependency;
			package = EC1A251A2E3B2AF900B8CF5D /* XCRemoteSwiftPackageReference "SDWebImageSwiftUI" */;
			productName = SDWebImageSwiftUI;
		};
		EC5A10B92E5AE121001FE869 /* AsyncAlgorithms */ = {
			isa = XCSwiftPackageProductDependency;
			package = EC5A10B82E5AE121001FE869 /* XCRemoteSwiftPackageReference "swift-async-algorithms" */;
			productName = AsyncAlgorithms;
		};
		EC5A10BB2E5AE131001FE869 /* AsyncAlgorithms */ = {
			isa = XCSwiftPackageProductDependency;
			package = EC5A10B82E5AE121001FE869 /* XCRemoteSwiftPackageReference "swift-async-algorithms" */;
			productName = AsyncAlgorithms;
		};
		EC6D60542E407FBD007DA5D9 /* TwitchIRC */ = {
			isa = XCSwiftPackageProductDependency;
			package = EC6D60532E407FBD007DA5D9 /* XCRemoteSwiftPackageReference "TwitchIRC" */;
			productName = TwitchIRC;
		};
		EC6D606A2E410B98007DA5D9 /* Collections */ = {
			isa = XCSwiftPackageProductDependency;
			package = EC6D60692E410B98007DA5D9 /* XCRemoteSwiftPackageReference "swift-collections" */;
			productName = Collections;
		};
		EC6D606F2E410BE9007DA5D9 /* Collections */ = {
			isa = XCSwiftPackageProductDependency;
			package = EC6D60692E410B98007DA5D9 /* XCRemoteSwiftPackageReference "swift-collections" */;
			productName = Collections;
		};
		EC6D60732E410BF4007DA5D9 /* TwitchIRC */ = {
			isa = XCSwiftPackageProductDependency;
			package = EC6D60532E407FBD007DA5D9 /* XCRemoteSwiftPackageReference "TwitchIRC" */;
			productName = TwitchIRC;
		};
		EC72B6C72E3F18200011F8E0 /* Apollo */ = {
			isa = XCSwiftPackageProductDependency;
			package = EC72B6C82E3F18200011F8E0 /* XCRemoteSwiftPackageReference "apollo-ios" */;
			productName = Apollo;
		};
		EC72B6C92E3F18200011F8E0 /* Supabase */ = {
			isa = XCSwiftPackageProductDependency;
			package = EC72B6CA2E3F18200011F8E0 /* XCRemoteSwiftPackageReference "supabase-swift" */;
			productName = Supabase;
		};
		EC72B6CB2E3F18200011F8E0 /* SimpleKeychain */ = {
			isa = XCSwiftPackageProductDependency;
			package = EC72B6CC2E3F18200011F8E0 /* XCRemoteSwiftPackageReference "SimpleKeychain" */;
			productName = SimpleKeychain;
		};
		EC72B6CD2E3F18200011F8E0 /* SDWebImageSwiftUI */ = {
			isa = XCSwiftPackageProductDependency;
			package = EC72B6CE2E3F18200011F8E0 /* XCRemoteSwiftPackageReference "SDWebImageSwiftUI" */;
			productName = SDWebImageSwiftUI;
		};
		EC75289D2E4AD8E600065981 /* Alamofire */ = {
			isa = XCSwiftPackageProductDependency;
			package = EC75289C2E4AD8E600065981 /* XCRemoteSwiftPackageReference "Alamofire" */;
			productName = Alamofire;
		};
		ECBA79812E4AE1E20079A562 /* Alamofire */ = {
			isa = XCSwiftPackageProductDependency;
			package = EC75289C2E4AD8E600065981 /* XCRemoteSwiftPackageReference "Alamofire" */;
			productName = Alamofire;
		};
		ECC6223C2E5424FA00A2AD09 /* SDWebImageSVGNativeCoder */ = {
			isa = XCSwiftPackageProductDependency;
			package = ECC6223B2E5424FA00A2AD09 /* XCRemoteSwiftPackageReference "SDWebImageSVGNativeCoder" */;
			productName = SDWebImageSVGNativeCoder;
		};
		ECC6223E2E54250E00A2AD09 /* SDWebImageSVGNativeCoder */ = {
			isa = XCSwiftPackageProductDependency;
			package = ECC6223B2E5424FA00A2AD09 /* XCRemoteSwiftPackageReference "SDWebImageSVGNativeCoder" */;
			productName = SDWebImageSVGNativeCoder;
		};
		ECE380262E5BCB1200D37047 /* FactoryKit */ = {
			isa = XCSwiftPackageProductDependency;
			package = ECE380252E5BCB1200D37047 /* XCRemoteSwiftPackageReference "Factory" */;
			productName = FactoryKit;
		};
		ECE380282E5BCB2300D37047 /* FactoryKit */ = {
			isa = XCSwiftPackageProductDependency;
			package = ECE380252E5BCB1200D37047 /* XCRemoteSwiftPackageReference "Factory" */;
			productName = FactoryKit;
		};
		ECE8DC352E36016300CF0AFE /* Apollo */ = {
			isa = XCSwiftPackageProductDependency;
			package = ECE8DC342E36016300CF0AFE /* XCRemoteSwiftPackageReference "apollo-ios" */;
			productName = Apollo;
		};
		ECE8DC3C2E37006300CF0AFE /* Supabase */ = {
			isa = XCSwiftPackageProductDependency;
			package = ECE8DC3B2E37006300CF0AFE /* XCRemoteSwiftPackageReference "supabase-swift" */;
			productName = Supabase;
		};
		ECEA81E22E388945002AA253 /* SimpleKeychain */ = {
			isa = XCSwiftPackageProductDependency;
			package = ECEA81E12E388945002AA253 /* XCRemoteSwiftPackageReference "SimpleKeychain" */;
			productName = SimpleKeychain;
		};
/* End XCSwiftPackageProductDependency section */
	};
	rootObject = EC7631C82E30B41A00A86ABD /* Project object */;
}
